{
  "name": "signalk-ajrm-marine-snapshot",
  "version": "0.5.7",
  "lockfileVersion": 3,
  "requires": true,
  "packages": {
    "": {
      "name": "signalk-ajrm-marine-snapshot",
      "version": "0.5.7",
      "license": "MIT",
      "devDependencies": {},
      "engines": {
        "node": ">=20"
      }
    }
  }
}
