{
  "name": "signalk-ajrm-marine-snapshot",
  "version": "0.7.11",
  "lockfileVersion": 3,
  "requires": true,
  "packages": {
    "": {
      "name": "signalk-ajrm-marine-snapshot",
      "version": "0.7.11",
      "license": "AGPL-3.0-or-later",
      "devDependencies": {},
      "engines": {
        "node": ">=20"
      }
    }
  }
}
